
Microsoft Visual Studio Solution File, Format Version 12.00
# Visual Studio Version 16
VisualStudioVersion = 25.0.1706.8
MinimumVisualStudioVersion = 10.0.40219.1
Project("{FAE04EC0-301F-11D3-BF4B-00C04F79EFBC}") = "StudentV1", "StudentV1\StudentV1.csproj", "{02FFA62B-642A-4C57-A281-2FE4CED664BF}"
EndProject
Project("{FAE04EC0-301F-11D3-BF4B-00C04F79EFBC}") = "StudentV2", "StudentV2\StudentV2.csproj", "{0663783B-94BB-42AD-AF98-2FCB400EDA70}"
EndProject
Project("{FAE04EC0-301F-11D3-BF4B-00C04F79EFBC}") = "StudentV3", "StudentV3\StudentV3.csproj", "{B5C5C60A-718C-44BF-9DBA-2A79549E9606}"
EndProject
Project("{FAE04EC0-301F-11D3-BF4B-00C04F79EFBC}") = "StudentV4", "StudentV4\StudentV4.csproj", "{960EFB4D-D8CE-4E83-BFBF-678CD0E429F3}"
EndProject
Project("{FAE04EC0-301F-11D3-BF4B-00C04F79EFBC}") = "StudentV5", "StudentV5\StudentV5.csproj", "{ED014606-81E7-43CE-AAC1-5E7C60B69434}"
EndProject
Project("{FAE04EC0-301F-11D3-BF4B-00C04F79EFBC}") = "StudentV6", "StudentV6\StudentV6.csproj", "{40721F3A-09F1-422D-A4A9-E326B3DE307C}"
EndProject
Global
	GlobalSection(SolutionConfigurationPlatforms) = preSolution
		Debug|Any CPU = Debug|Any CPU
		Release|Any CPU = Release|Any CPU
	EndGlobalSection
	GlobalSection(ProjectConfigurationPlatforms) = postSolution
		{02FFA62B-642A-4C57-A281-2FE4CED664BF}.Debug|Any CPU.ActiveCfg = Debug|Any CPU
		{02FFA62B-642A-4C57-A281-2FE4CED664BF}.Debug|Any CPU.Build.0 = Debug|Any CPU
		{02FFA62B-642A-4C57-A281-2FE4CED664BF}.Release|Any CPU.ActiveCfg = Release|Any CPU
		{02FFA62B-642A-4C57-A281-2FE4CED664BF}.Release|Any CPU.Build.0 = Release|Any CPU
		{0663783B-94BB-42AD-AF98-2FCB400EDA70}.Debug|Any CPU.ActiveCfg = Debug|Any CPU
		{0663783B-94BB-42AD-AF98-2FCB400EDA70}.Debug|Any CPU.Build.0 = Debug|Any CPU
		{0663783B-94BB-42AD-AF98-2FCB400EDA70}.Release|Any CPU.ActiveCfg = Release|Any CPU
		{0663783B-94BB-42AD-AF98-2FCB400EDA70}.Release|Any CPU.Build.0 = Release|Any CPU
		{B5C5C60A-718C-44BF-9DBA-2A79549E9606}.Debug|Any CPU.ActiveCfg = Debug|Any CPU
		{B5C5C60A-718C-44BF-9DBA-2A79549E9606}.Debug|Any CPU.Build.0 = Debug|Any CPU
		{B5C5C60A-718C-44BF-9DBA-2A79549E9606}.Release|Any CPU.ActiveCfg = Release|Any CPU
		{B5C5C60A-718C-44BF-9DBA-2A79549E9606}.Release|Any CPU.Build.0 = Release|Any CPU
		{960EFB4D-D8CE-4E83-BFBF-678CD0E429F3}.Debug|Any CPU.ActiveCfg = Debug|Any CPU
		{960EFB4D-D8CE-4E83-BFBF-678CD0E429F3}.Debug|Any CPU.Build.0 = Debug|Any CPU
		{960EFB4D-D8CE-4E83-BFBF-678CD0E429F3}.Release|Any CPU.ActiveCfg = Release|Any CPU
		{960EFB4D-D8CE-4E83-BFBF-678CD0E429F3}.Release|Any CPU.Build.0 = Release|Any CPU
		{ED014606-81E7-43CE-AAC1-5E7C60B69434}.Debug|Any CPU.ActiveCfg = Debug|Any CPU
		{ED014606-81E7-43CE-AAC1-5E7C60B69434}.Debug|Any CPU.Build.0 = Debug|Any CPU
		{ED014606-81E7-43CE-AAC1-5E7C60B69434}.Release|Any CPU.ActiveCfg = Release|Any CPU
		{ED014606-81E7-43CE-AAC1-5E7C60B69434}.Release|Any CPU.Build.0 = Release|Any CPU
		{40721F3A-09F1-422D-A4A9-E326B3DE307C}.Debug|Any CPU.ActiveCfg = Debug|Any CPU
		{40721F3A-09F1-422D-A4A9-E326B3DE307C}.Debug|Any CPU.Build.0 = Debug|Any CPU
		{40721F3A-09F1-422D-A4A9-E326B3DE307C}.Release|Any CPU.ActiveCfg = Release|Any CPU
		{40721F3A-09F1-422D-A4A9-E326B3DE307C}.Release|Any CPU.Build.0 = Release|Any CPU
	EndGlobalSection
	GlobalSection(SolutionProperties) = preSolution
		HideSolutionNode = FALSE
	EndGlobalSection
	GlobalSection(ExtensibilityGlobals) = postSolution
		SolutionGuid = {FA8187FF-E204-4D50-8010-7E519CBF46A8}
	EndGlobalSection
EndGlobal
