
Microsoft Visual Studio Solution File, Format Version 12.00
# Visual Studio Version 16
VisualStudioVersion = 25.0.1706.7
MinimumVisualStudioVersion = 10.0.40219.1
Project("{FAE04EC0-301F-11D3-BF4B-00C04F79EFBC}") = "todoApi", "todoApi\todoApi.csproj", "{4E67DF39-7541-414B-BEAD-399D9B9C6521}"
EndProject
Global
	GlobalSection(SolutionConfigurationPlatforms) = preSolution
		Debug|Any CPU = Debug|Any CPU
		Release|Any CPU = Release|Any CPU
	EndGlobalSection
	GlobalSection(ProjectConfigurationPlatforms) = postSolution
		{4E67DF39-7541-414B-BEAD-399D9B9C6521}.Debug|Any CPU.ActiveCfg = Debug|Any CPU
		{4E67DF39-7541-414B-BEAD-399D9B9C6521}.Debug|Any CPU.Build.0 = Debug|Any CPU
		{4E67DF39-7541-414B-BEAD-399D9B9C6521}.Release|Any CPU.ActiveCfg = Release|Any CPU
		{4E67DF39-7541-414B-BEAD-399D9B9C6521}.Release|Any CPU.Build.0 = Release|Any CPU
	EndGlobalSection
	GlobalSection(SolutionProperties) = preSolution
		HideSolutionNode = FALSE
	EndGlobalSection
	GlobalSection(ExtensibilityGlobals) = postSolution
		SolutionGuid = {976F06B0-ED2E-4894-A0C4-2197F3807EF0}
	EndGlobalSection
EndGlobal
